
Microsoft Visual Studio Solution File, Format Version 12.00
# Visual Studio Version 17
VisualStudioVersion = 17.8.34004.107
MinimumVisualStudioVersion = 10.0.40219.1
Project("{2150E333-8FDC-42A3-9474-1A3956D46DE8}") = "Step1", "Step1", "{4760D3B5-F8A0-4BFE-80B5-9CA4C04B08F0}"
EndProject
Project("{9A19103F-16F7-4668-BE54-9A1E7A4F7556}") = "BlazorCodemy.Client", "..\Step1\BlazorCodemy\Client\BlazorCodemy.Client.csproj", "{38B3F0DE-1C4B-4718-BC91-4FC10273C2E7}"
EndProject
Project("{9A19103F-16F7-4668-BE54-9A1E7A4F7556}") = "BlazorCodemy.Server", "..\Step1\BlazorCodemy\Server\BlazorCodemy.Server.csproj", "{4644DF9B-D09D-49FD-9C0A-7FB8404D41C9}"
EndProject
Project("{9A19103F-16F7-4668-BE54-9A1E7A4F7556}") = "BlazorCodemy.Shared", "..\Step1\BlazorCodemy\Shared\BlazorCodemy.Shared.csproj", "{DFEFCD5D-3AD1-4BBA-83A8-009CDD60406A}"
EndProject
Project("{2150E333-8FDC-42A3-9474-1A3956D46DE8}") = "Step2", "Step2", "{E45288DF-ECFA-424A-83D0-D2147E6F2F10}"
EndProject
Project("{2150E333-8FDC-42A3-9474-1A3956D46DE8}") = "Step3", "Step3", "{B291F3F6-9811-4D59-9E3C-33AF173FC471}"
EndProject
Project("{2150E333-8FDC-42A3-9474-1A3956D46DE8}") = "Step4", "Step4", "{46194479-D97C-441C-9383-11978DEEE9DE}"
EndProject
Project("{9A19103F-16F7-4668-BE54-9A1E7A4F7556}") = "BlazorCodemy.Client", "..\Step2\BlazorCodemy\Client\BlazorCodemy.Client.csproj", "{04A3834B-69F3-4120-973B-5C06FF1CF2F2}"
EndProject
Project("{9A19103F-16F7-4668-BE54-9A1E7A4F7556}") = "BlazorCodemy.Server", "..\Step2\BlazorCodemy\Server\BlazorCodemy.Server.csproj", "{D75AF0F3-F82E-4502-A3B7-11F42D09A754}"
EndProject
Project("{9A19103F-16F7-4668-BE54-9A1E7A4F7556}") = "BlazorCodemy.Shared", "..\Step2\BlazorCodemy\Shared\BlazorCodemy.Shared.csproj", "{5EFBC29C-F44B-4821-82F9-B194C0036491}"
EndProject
Project("{9A19103F-16F7-4668-BE54-9A1E7A4F7556}") = "BlazorCodemy.Client", "..\Step3\BlazorCodemy\Client\BlazorCodemy.Client.csproj", "{E4C80FAB-69F7-48D8-B9B8-42B971920937}"
EndProject
Project("{9A19103F-16F7-4668-BE54-9A1E7A4F7556}") = "BlazorCodemy.Server", "..\Step3\BlazorCodemy\Server\BlazorCodemy.Server.csproj", "{7B5027F7-A142-4CE3-BE95-9C14CA749B96}"
EndProject
Project("{9A19103F-16F7-4668-BE54-9A1E7A4F7556}") = "BlazorCodemy.Shared", "..\Step3\BlazorCodemy\Shared\BlazorCodemy.Shared.csproj", "{41A7164C-DC8A-493E-BA90-D1F8BDD74DFC}"
EndProject
Project("{9A19103F-16F7-4668-BE54-9A1E7A4F7556}") = "BlazorCodemy.Client", "..\Step4\BlazorCodemy\Client\BlazorCodemy.Client.csproj", "{FAA4B230-77BE-4A6D-8ED5-0A22CD7D75EB}"
EndProject
Project("{9A19103F-16F7-4668-BE54-9A1E7A4F7556}") = "BlazorCodemy.Server", "..\Step4\BlazorCodemy\Server\BlazorCodemy.Server.csproj", "{BED5CD85-ED0A-427D-926D-0451FAF818E4}"
EndProject
Project("{9A19103F-16F7-4668-BE54-9A1E7A4F7556}") = "BlazorCodemy.Shared", "..\Step4\BlazorCodemy\Shared\BlazorCodemy.Shared.csproj", "{D1A16300-7DEB-4339-B64D-7708776CFAC1}"
EndProject
Global
	GlobalSection(SolutionConfigurationPlatforms) = preSolution
		Debug|Any CPU = Debug|Any CPU
		Release|Any CPU = Release|Any CPU
	EndGlobalSection
	GlobalSection(ProjectConfigurationPlatforms) = postSolution
		{38B3F0DE-1C4B-4718-BC91-4FC10273C2E7}.Debug|Any CPU.ActiveCfg = Debug|Any CPU
		{38B3F0DE-1C4B-4718-BC91-4FC10273C2E7}.Debug|Any CPU.Build.0 = Debug|Any CPU
		{38B3F0DE-1C4B-4718-BC91-4FC10273C2E7}.Release|Any CPU.ActiveCfg = Release|Any CPU
		{38B3F0DE-1C4B-4718-BC91-4FC10273C2E7}.Release|Any CPU.Build.0 = Release|Any CPU
		{4644DF9B-D09D-49FD-9C0A-7FB8404D41C9}.Debug|Any CPU.ActiveCfg = Debug|Any CPU
		{4644DF9B-D09D-49FD-9C0A-7FB8404D41C9}.Debug|Any CPU.Build.0 = Debug|Any CPU
		{4644DF9B-D09D-49FD-9C0A-7FB8404D41C9}.Release|Any CPU.ActiveCfg = Release|Any CPU
		{4644DF9B-D09D-49FD-9C0A-7FB8404D41C9}.Release|Any CPU.Build.0 = Release|Any CPU
		{DFEFCD5D-3AD1-4BBA-83A8-009CDD60406A}.Debug|Any CPU.ActiveCfg = Debug|Any CPU
		{DFEFCD5D-3AD1-4BBA-83A8-009CDD60406A}.Debug|Any CPU.Build.0 = Debug|Any CPU
		{DFEFCD5D-3AD1-4BBA-83A8-009CDD60406A}.Release|Any CPU.ActiveCfg = Release|Any CPU
		{DFEFCD5D-3AD1-4BBA-83A8-009CDD60406A}.Release|Any CPU.Build.0 = Release|Any CPU
		{04A3834B-69F3-4120-973B-5C06FF1CF2F2}.Debug|Any CPU.ActiveCfg = Debug|Any CPU
		{04A3834B-69F3-4120-973B-5C06FF1CF2F2}.Debug|Any CPU.Build.0 = Debug|Any CPU
		{04A3834B-69F3-4120-973B-5C06FF1CF2F2}.Release|Any CPU.ActiveCfg = Release|Any CPU
		{04A3834B-69F3-4120-973B-5C06FF1CF2F2}.Release|Any CPU.Build.0 = Release|Any CPU
		{D75AF0F3-F82E-4502-A3B7-11F42D09A754}.Debug|Any CPU.ActiveCfg = Debug|Any CPU
		{D75AF0F3-F82E-4502-A3B7-11F42D09A754}.Debug|Any CPU.Build.0 = Debug|Any CPU
		{D75AF0F3-F82E-4502-A3B7-11F42D09A754}.Release|Any CPU.ActiveCfg = Release|Any CPU
		{D75AF0F3-F82E-4502-A3B7-11F42D09A754}.Release|Any CPU.Build.0 = Release|Any CPU
		{5EFBC29C-F44B-4821-82F9-B194C0036491}.Debug|Any CPU.ActiveCfg = Debug|Any CPU
		{5EFBC29C-F44B-4821-82F9-B194C0036491}.Debug|Any CPU.Build.0 = Debug|Any CPU
		{5EFBC29C-F44B-4821-82F9-B194C0036491}.Release|Any CPU.ActiveCfg = Release|Any CPU
		{5EFBC29C-F44B-4821-82F9-B194C0036491}.Release|Any CPU.Build.0 = Release|Any CPU
		{E4C80FAB-69F7-48D8-B9B8-42B971920937}.Debug|Any CPU.ActiveCfg = Debug|Any CPU
		{E4C80FAB-69F7-48D8-B9B8-42B971920937}.Debug|Any CPU.Build.0 = Debug|Any CPU
		{E4C80FAB-69F7-48D8-B9B8-42B971920937}.Release|Any CPU.ActiveCfg = Release|Any CPU
		{E4C80FAB-69F7-48D8-B9B8-42B971920937}.Release|Any CPU.Build.0 = Release|Any CPU
		{7B5027F7-A142-4CE3-BE95-9C14CA749B96}.Debug|Any CPU.ActiveCfg = Debug|Any CPU
		{7B5027F7-A142-4CE3-BE95-9C14CA749B96}.Debug|Any CPU.Build.0 = Debug|Any CPU
		{7B5027F7-A142-4CE3-BE95-9C14CA749B96}.Release|Any CPU.ActiveCfg = Release|Any CPU
		{7B5027F7-A142-4CE3-BE95-9C14CA749B96}.Release|Any CPU.Build.0 = Release|Any CPU
		{41A7164C-DC8A-493E-BA90-D1F8BDD74DFC}.Debug|Any CPU.ActiveCfg = Debug|Any CPU
		{41A7164C-DC8A-493E-BA90-D1F8BDD74DFC}.Debug|Any CPU.Build.0 = Debug|Any CPU
		{41A7164C-DC8A-493E-BA90-D1F8BDD74DFC}.Release|Any CPU.ActiveCfg = Release|Any CPU
		{41A7164C-DC8A-493E-BA90-D1F8BDD74DFC}.Release|Any CPU.Build.0 = Release|Any CPU
		{FAA4B230-77BE-4A6D-8ED5-0A22CD7D75EB}.Debug|Any CPU.ActiveCfg = Debug|Any CPU
		{FAA4B230-77BE-4A6D-8ED5-0A22CD7D75EB}.Debug|Any CPU.Build.0 = Debug|Any CPU
		{FAA4B230-77BE-4A6D-8ED5-0A22CD7D75EB}.Release|Any CPU.ActiveCfg = Release|Any CPU
		{FAA4B230-77BE-4A6D-8ED5-0A22CD7D75EB}.Release|Any CPU.Build.0 = Release|Any CPU
		{BED5CD85-ED0A-427D-926D-0451FAF818E4}.Debug|Any CPU.ActiveCfg = Debug|Any CPU
		{BED5CD85-ED0A-427D-926D-0451FAF818E4}.Debug|Any CPU.Build.0 = Debug|Any CPU
		{BED5CD85-ED0A-427D-926D-0451FAF818E4}.Release|Any CPU.ActiveCfg = Release|Any CPU
		{BED5CD85-ED0A-427D-926D-0451FAF818E4}.Release|Any CPU.Build.0 = Release|Any CPU
		{D1A16300-7DEB-4339-B64D-7708776CFAC1}.Debug|Any CPU.ActiveCfg = Debug|Any CPU
		{D1A16300-7DEB-4339-B64D-7708776CFAC1}.Debug|Any CPU.Build.0 = Debug|Any CPU
		{D1A16300-7DEB-4339-B64D-7708776CFAC1}.Release|Any CPU.ActiveCfg = Release|Any CPU
		{D1A16300-7DEB-4339-B64D-7708776CFAC1}.Release|Any CPU.Build.0 = Release|Any CPU
	EndGlobalSection
	GlobalSection(SolutionProperties) = preSolution
		HideSolutionNode = FALSE
	EndGlobalSection
	GlobalSection(NestedProjects) = preSolution
		{38B3F0DE-1C4B-4718-BC91-4FC10273C2E7} = {4760D3B5-F8A0-4BFE-80B5-9CA4C04B08F0}
		{4644DF9B-D09D-49FD-9C0A-7FB8404D41C9} = {4760D3B5-F8A0-4BFE-80B5-9CA4C04B08F0}
		{DFEFCD5D-3AD1-4BBA-83A8-009CDD60406A} = {4760D3B5-F8A0-4BFE-80B5-9CA4C04B08F0}
		{04A3834B-69F3-4120-973B-5C06FF1CF2F2} = {E45288DF-ECFA-424A-83D0-D2147E6F2F10}
		{D75AF0F3-F82E-4502-A3B7-11F42D09A754} = {E45288DF-ECFA-424A-83D0-D2147E6F2F10}
		{5EFBC29C-F44B-4821-82F9-B194C0036491} = {E45288DF-ECFA-424A-83D0-D2147E6F2F10}
		{E4C80FAB-69F7-48D8-B9B8-42B971920937} = {B291F3F6-9811-4D59-9E3C-33AF173FC471}
		{7B5027F7-A142-4CE3-BE95-9C14CA749B96} = {B291F3F6-9811-4D59-9E3C-33AF173FC471}
		{41A7164C-DC8A-493E-BA90-D1F8BDD74DFC} = {B291F3F6-9811-4D59-9E3C-33AF173FC471}
		{FAA4B230-77BE-4A6D-8ED5-0A22CD7D75EB} = {46194479-D97C-441C-9383-11978DEEE9DE}
		{BED5CD85-ED0A-427D-926D-0451FAF818E4} = {46194479-D97C-441C-9383-11978DEEE9DE}
		{D1A16300-7DEB-4339-B64D-7708776CFAC1} = {46194479-D97C-441C-9383-11978DEEE9DE}
	EndGlobalSection
	GlobalSection(ExtensibilityGlobals) = postSolution
		SolutionGuid = {1B933E2C-18CE-4196-AA37-9F87800F3BC5}
	EndGlobalSection
EndGlobal
